
Microsoft Visual Studio Solution File, Format Version 12.00
# Visual Studio Version 17
VisualStudioVersion = 17.7.34031.279
MinimumVisualStudioVersion = 10.0.40219.1
Project("{FAE04EC0-301F-11D3-BF4B-00C04F79EFBC}") = "Employee", "Employee.csproj", "{C4177163-B725-4B58-8F49-5392CC565F6D}"
EndProject
Global
	GlobalSection(SolutionConfigurationPlatforms) = preSolution
		Debug|Any CPU = Debug|Any CPU
		Release|Any CPU = Release|Any CPU
	EndGlobalSection
	GlobalSection(ProjectConfigurationPlatforms) = postSolution
		{C4177163-B725-4B58-8F49-5392CC565F6D}.Debug|Any CPU.ActiveCfg = Debug|Any CPU
		{C4177163-B725-4B58-8F49-5392CC565F6D}.Debug|Any CPU.Build.0 = Debug|Any CPU
		{C4177163-B725-4B58-8F49-5392CC565F6D}.Release|Any CPU.ActiveCfg = Release|Any CPU
		{C4177163-B725-4B58-8F49-5392CC565F6D}.Release|Any CPU.Build.0 = Release|Any CPU
	EndGlobalSection
	GlobalSection(SolutionProperties) = preSolution
		HideSolutionNode = FALSE
	EndGlobalSection
	GlobalSection(ExtensibilityGlobals) = postSolution
		SolutionGuid = {808D08B5-B744-4FEB-BE63-C06686D8795A}
	EndGlobalSection
EndGlobal
